
Microsoft Visual Studio Solution File, Format Version 12.00
# Visual Studio Version 17
VisualStudioVersion = 17.0.31903.59
MinimumVisualStudioVersion = 10.0.40219.1
Project("{FAE04EC0-301F-11D3-BF4B-00C04F79EFBC}") = "ECommerce.API.Products", "ECommerce.API.Products\ECommerce.API.Products.csproj", "{09A0E5C5-18A7-48D3-A1BB-232BBD8FE231}"
EndProject
Project("{FAE04EC0-301F-11D3-BF4B-00C04F79EFBC}") = "ECommerce.API.Orders", "ECommerce.API.Orders\ECommerce.API.Orders.csproj", "{F0A784D9-3A47-4454-BA96-EB00F226CA23}"
EndProject
Project("{FAE04EC0-301F-11D3-BF4B-00C04F79EFBC}") = "ECommerce.API.Customers", "ECommerce.API.Customers\ECommerce.API.Customers.csproj", "{5C4A5A82-DB11-4BD3-91FA-1BAC3EDB8704}"
EndProject
Project("{FAE04EC0-301F-11D3-BF4B-00C04F79EFBC}") = "ECommerce.API.Search", "ECommerce.API.Search\ECommerce.API.Search.csproj", "{D15A1E18-7D85-4254-BD71-ABA6257ACF3C}"
EndProject
Project("{FAE04EC0-301F-11D3-BF4B-00C04F79EFBC}") = "ECommerce.API.Product.Test", "ECommerce.API.Product.Test\ECommerce.API.Product.Test.csproj", "{6822989D-25D3-44FE-BD27-15A12D8BE766}"
EndProject
Global
	GlobalSection(SolutionConfigurationPlatforms) = preSolution
		Debug|Any CPU = Debug|Any CPU
		Release|Any CPU = Release|Any CPU
	EndGlobalSection
	GlobalSection(SolutionProperties) = preSolution
		HideSolutionNode = FALSE
	EndGlobalSection
	GlobalSection(ProjectConfigurationPlatforms) = postSolution
		{09A0E5C5-18A7-48D3-A1BB-232BBD8FE231}.Debug|Any CPU.ActiveCfg = Debug|Any CPU
		{09A0E5C5-18A7-48D3-A1BB-232BBD8FE231}.Debug|Any CPU.Build.0 = Debug|Any CPU
		{09A0E5C5-18A7-48D3-A1BB-232BBD8FE231}.Release|Any CPU.ActiveCfg = Release|Any CPU
		{09A0E5C5-18A7-48D3-A1BB-232BBD8FE231}.Release|Any CPU.Build.0 = Release|Any CPU
		{F0A784D9-3A47-4454-BA96-EB00F226CA23}.Debug|Any CPU.ActiveCfg = Debug|Any CPU
		{F0A784D9-3A47-4454-BA96-EB00F226CA23}.Debug|Any CPU.Build.0 = Debug|Any CPU
		{F0A784D9-3A47-4454-BA96-EB00F226CA23}.Release|Any CPU.ActiveCfg = Release|Any CPU
		{F0A784D9-3A47-4454-BA96-EB00F226CA23}.Release|Any CPU.Build.0 = Release|Any CPU
		{5C4A5A82-DB11-4BD3-91FA-1BAC3EDB8704}.Debug|Any CPU.ActiveCfg = Debug|Any CPU
		{5C4A5A82-DB11-4BD3-91FA-1BAC3EDB8704}.Debug|Any CPU.Build.0 = Debug|Any CPU
		{5C4A5A82-DB11-4BD3-91FA-1BAC3EDB8704}.Release|Any CPU.ActiveCfg = Release|Any CPU
		{5C4A5A82-DB11-4BD3-91FA-1BAC3EDB8704}.Release|Any CPU.Build.0 = Release|Any CPU
		{D15A1E18-7D85-4254-BD71-ABA6257ACF3C}.Debug|Any CPU.ActiveCfg = Debug|Any CPU
		{D15A1E18-7D85-4254-BD71-ABA6257ACF3C}.Debug|Any CPU.Build.0 = Debug|Any CPU
		{D15A1E18-7D85-4254-BD71-ABA6257ACF3C}.Release|Any CPU.ActiveCfg = Release|Any CPU
		{D15A1E18-7D85-4254-BD71-ABA6257ACF3C}.Release|Any CPU.Build.0 = Release|Any CPU
		{6822989D-25D3-44FE-BD27-15A12D8BE766}.Debug|Any CPU.ActiveCfg = Debug|Any CPU
		{6822989D-25D3-44FE-BD27-15A12D8BE766}.Debug|Any CPU.Build.0 = Debug|Any CPU
		{6822989D-25D3-44FE-BD27-15A12D8BE766}.Release|Any CPU.ActiveCfg = Release|Any CPU
		{6822989D-25D3-44FE-BD27-15A12D8BE766}.Release|Any CPU.Build.0 = Release|Any CPU
	EndGlobalSection
EndGlobal
